
Microsoft Visual Studio Solution File, Format Version 12.00
# Visual Studio Version 17
VisualStudioVersion = 17.1.32319.34
MinimumVisualStudioVersion = 10.0.40219.1
Project("{FAE04EC0-301F-11D3-BF4B-00C04F79EFBC}") = "Controller", "Controller\Controller.csproj", "{7033BEF3-924B-4977-9D84-7AAF5A48A4A0}"
EndProject
Project("{FAE04EC0-301F-11D3-BF4B-00C04F79EFBC}") = "Model", "Model\Model.csproj", "{60D41B26-A032-4915-AC50-2836C5FA4097}"
EndProject
Project("{FAE04EC0-301F-11D3-BF4B-00C04F79EFBC}") = "View", "View\View.csproj", "{39CCDB48-53F9-4717-9DB8-99ABFB72F26E}"
EndProject
Project("{2150E333-8FDC-42A3-9474-1A3956D46DE8}") = "4.Infra", "4.Infra", "{82DA030A-A84F-465E-8299-4EBF41516C58}"
EndProject
Project("{2150E333-8FDC-42A3-9474-1A3956D46DE8}") = "1.Data", "1.Data", "{1B83C138-DC2A-41C6-832A-098DBC50BEB2}"
EndProject
Project("{2150E333-8FDC-42A3-9474-1A3956D46DE8}") = "3.Domain", "3.Domain", "{5D4928BA-D091-4330-AFEA-BF7D79AE5423}"
EndProject
Project("{2150E333-8FDC-42A3-9474-1A3956D46DE8}") = "5.Api", "5.Api", "{D1ACD370-9DB4-4EDF-B396-E84F70850995}"
EndProject
Project("{2150E333-8FDC-42A3-9474-1A3956D46DE8}") = "2.Application", "2.Application", "{4F2A84D5-C486-4D16-B89D-90AF0C8217E1}"
EndProject
Project("{2150E333-8FDC-42A3-9474-1A3956D46DE8}") = "1.Presentation", "1.Presentation", "{24F76ABB-ECEC-4AC8-A5E3-B4ABC4C26B57}"
EndProject
Global
	GlobalSection(SolutionConfigurationPlatforms) = preSolution
		Debug|Any CPU = Debug|Any CPU
		Debug|Mixed Platforms = Debug|Mixed Platforms
		Debug|x86 = Debug|x86
		Release|Any CPU = Release|Any CPU
		Release|Mixed Platforms = Release|Mixed Platforms
		Release|x86 = Release|x86
	EndGlobalSection
	GlobalSection(ProjectConfigurationPlatforms) = postSolution
		{7033BEF3-924B-4977-9D84-7AAF5A48A4A0}.Debug|Any CPU.ActiveCfg = Debug|Any CPU
		{7033BEF3-924B-4977-9D84-7AAF5A48A4A0}.Debug|Any CPU.Build.0 = Debug|Any CPU
		{7033BEF3-924B-4977-9D84-7AAF5A48A4A0}.Debug|Mixed Platforms.ActiveCfg = Debug|Any CPU
		{7033BEF3-924B-4977-9D84-7AAF5A48A4A0}.Debug|Mixed Platforms.Build.0 = Debug|Any CPU
		{7033BEF3-924B-4977-9D84-7AAF5A48A4A0}.Debug|x86.ActiveCfg = Debug|Any CPU
		{7033BEF3-924B-4977-9D84-7AAF5A48A4A0}.Release|Any CPU.ActiveCfg = Release|Any CPU
		{7033BEF3-924B-4977-9D84-7AAF5A48A4A0}.Release|Any CPU.Build.0 = Release|Any CPU
		{7033BEF3-924B-4977-9D84-7AAF5A48A4A0}.Release|Mixed Platforms.ActiveCfg = Release|Any CPU
		{7033BEF3-924B-4977-9D84-7AAF5A48A4A0}.Release|Mixed Platforms.Build.0 = Release|Any CPU
		{7033BEF3-924B-4977-9D84-7AAF5A48A4A0}.Release|x86.ActiveCfg = Release|Any CPU
		{60D41B26-A032-4915-AC50-2836C5FA4097}.Debug|Any CPU.ActiveCfg = Debug|Any CPU
		{60D41B26-A032-4915-AC50-2836C5FA4097}.Debug|Any CPU.Build.0 = Debug|Any CPU
		{60D41B26-A032-4915-AC50-2836C5FA4097}.Debug|Mixed Platforms.ActiveCfg = Debug|Any CPU
		{60D41B26-A032-4915-AC50-2836C5FA4097}.Debug|Mixed Platforms.Build.0 = Debug|Any CPU
		{60D41B26-A032-4915-AC50-2836C5FA4097}.Debug|x86.ActiveCfg = Debug|Any CPU
		{60D41B26-A032-4915-AC50-2836C5FA4097}.Release|Any CPU.ActiveCfg = Release|Any CPU
		{60D41B26-A032-4915-AC50-2836C5FA4097}.Release|Any CPU.Build.0 = Release|Any CPU
		{60D41B26-A032-4915-AC50-2836C5FA4097}.Release|Mixed Platforms.ActiveCfg = Release|Any CPU
		{60D41B26-A032-4915-AC50-2836C5FA4097}.Release|Mixed Platforms.Build.0 = Release|Any CPU
		{60D41B26-A032-4915-AC50-2836C5FA4097}.Release|x86.ActiveCfg = Release|Any CPU
		{39CCDB48-53F9-4717-9DB8-99ABFB72F26E}.Debug|Any CPU.ActiveCfg = Debug|x86
		{39CCDB48-53F9-4717-9DB8-99ABFB72F26E}.Debug|Mixed Platforms.ActiveCfg = Debug|x86
		{39CCDB48-53F9-4717-9DB8-99ABFB72F26E}.Debug|Mixed Platforms.Build.0 = Debug|x86
		{39CCDB48-53F9-4717-9DB8-99ABFB72F26E}.Debug|x86.ActiveCfg = Debug|x86
		{39CCDB48-53F9-4717-9DB8-99ABFB72F26E}.Debug|x86.Build.0 = Debug|x86
		{39CCDB48-53F9-4717-9DB8-99ABFB72F26E}.Release|Any CPU.ActiveCfg = Release|x86
		{39CCDB48-53F9-4717-9DB8-99ABFB72F26E}.Release|Mixed Platforms.ActiveCfg = Release|x86
		{39CCDB48-53F9-4717-9DB8-99ABFB72F26E}.Release|Mixed Platforms.Build.0 = Release|x86
		{39CCDB48-53F9-4717-9DB8-99ABFB72F26E}.Release|x86.ActiveCfg = Release|x86
		{39CCDB48-53F9-4717-9DB8-99ABFB72F26E}.Release|x86.Build.0 = Release|x86
	EndGlobalSection
	GlobalSection(SolutionProperties) = preSolution
		HideSolutionNode = FALSE
	EndGlobalSection
	GlobalSection(NestedProjects) = preSolution
		{1B83C138-DC2A-41C6-832A-098DBC50BEB2} = {82DA030A-A84F-465E-8299-4EBF41516C58}
	EndGlobalSection
	GlobalSection(ExtensibilityGlobals) = postSolution
		SolutionGuid = {6BD6DE3C-7FA7-4C69-BDCC-22EF4CB6375A}
	EndGlobalSection
EndGlobal
